
Microsoft Visual Studio Solution File, Format Version 12.00
# Visual Studio Version 17
VisualStudioVersion = 17.0.31903.59
MinimumVisualStudioVersion = 10.0.40219.1
Project("{FAE04EC0-301F-11D3-BF4B-00C04F79EFBC}") = "API", "API\API.csproj", "{AD952696-79E4-4079-A95D-AF5CA3B904C0}"
EndProject
Project("{FAE04EC0-301F-11D3-BF4B-00C04F79EFBC}") = "Application", "Application\Application.csproj", "{776F806F-ED61-4A8B-BC8D-A405177BD77B}"
EndProject
Project("{FAE04EC0-301F-11D3-BF4B-00C04F79EFBC}") = "Domain", "Domain\Domain.csproj", "{193D8C35-7EF7-4F32-8432-A2AD4536E7EF}"
EndProject
Project("{FAE04EC0-301F-11D3-BF4B-00C04F79EFBC}") = "Persistence", "Persistence\Persistence.csproj", "{21C73202-FDA8-4D59-A86E-6DCFAA5C0108}"
EndProject
Global
	GlobalSection(SolutionConfigurationPlatforms) = preSolution
		Debug|Any CPU = Debug|Any CPU
		Release|Any CPU = Release|Any CPU
	EndGlobalSection
	GlobalSection(SolutionProperties) = preSolution
		HideSolutionNode = FALSE
	EndGlobalSection
	GlobalSection(ProjectConfigurationPlatforms) = postSolution
		{AD952696-79E4-4079-A95D-AF5CA3B904C0}.Debug|Any CPU.ActiveCfg = Debug|Any CPU
		{AD952696-79E4-4079-A95D-AF5CA3B904C0}.Debug|Any CPU.Build.0 = Debug|Any CPU
		{AD952696-79E4-4079-A95D-AF5CA3B904C0}.Release|Any CPU.ActiveCfg = Release|Any CPU
		{AD952696-79E4-4079-A95D-AF5CA3B904C0}.Release|Any CPU.Build.0 = Release|Any CPU
		{776F806F-ED61-4A8B-BC8D-A405177BD77B}.Debug|Any CPU.ActiveCfg = Debug|Any CPU
		{776F806F-ED61-4A8B-BC8D-A405177BD77B}.Debug|Any CPU.Build.0 = Debug|Any CPU
		{776F806F-ED61-4A8B-BC8D-A405177BD77B}.Release|Any CPU.ActiveCfg = Release|Any CPU
		{776F806F-ED61-4A8B-BC8D-A405177BD77B}.Release|Any CPU.Build.0 = Release|Any CPU
		{193D8C35-7EF7-4F32-8432-A2AD4536E7EF}.Debug|Any CPU.ActiveCfg = Debug|Any CPU
		{193D8C35-7EF7-4F32-8432-A2AD4536E7EF}.Debug|Any CPU.Build.0 = Debug|Any CPU
		{193D8C35-7EF7-4F32-8432-A2AD4536E7EF}.Release|Any CPU.ActiveCfg = Release|Any CPU
		{193D8C35-7EF7-4F32-8432-A2AD4536E7EF}.Release|Any CPU.Build.0 = Release|Any CPU
		{21C73202-FDA8-4D59-A86E-6DCFAA5C0108}.Debug|Any CPU.ActiveCfg = Debug|Any CPU
		{21C73202-FDA8-4D59-A86E-6DCFAA5C0108}.Debug|Any CPU.Build.0 = Debug|Any CPU
		{21C73202-FDA8-4D59-A86E-6DCFAA5C0108}.Release|Any CPU.ActiveCfg = Release|Any CPU
		{21C73202-FDA8-4D59-A86E-6DCFAA5C0108}.Release|Any CPU.Build.0 = Release|Any CPU
	EndGlobalSection
EndGlobal
